github.com/julienschmidt/httprouter v1.3.0 h1:U0609e9tgbseu3rBINet9P48AI/D3oJs4dN7jwJOQ1U=
github.com/julienschmidt/httprouter v1.3.0/go.mod h1:JR6WtHb+2LUe8TCKY3cZOxFyyO8IZAc4RVcycCCAKdM=
github.com/qichengzx/coordtransform v0.0.0-20210828093347-9f6f46c15c35 h1:dvFt/w7w91ScErm9BB7BKvblTshh4rWZR8o5GOcB1sg=
github.com/qichengzx/coordtransform v0.0.0-20210828093347-9f6f46c15c35/go.mod h1:hrRiFtqNSi8E6C+3JsbPGjtCfyS9QFz90IORo3H6mts=
